
Microsoft Visual Studio Solution File, Format Version 12.00
# Visual Studio Version 17
VisualStudioVersion = 17.8.34330.188
MinimumVisualStudioVersion = 10.0.40219.1
Project("{9A19103F-16F7-4668-BE54-9A1E7A4F7556}") = "XBuddy.Blazor", "XBuddy.Blazor\XBuddy.Blazor\XBuddy.Blazor.csproj", "{08BD0E3A-3C0A-4F84-920B-B92030F384E0}"
EndProject
Project("{9A19103F-16F7-4668-BE54-9A1E7A4F7556}") = "XBuddy.Blazor.Client", "XBuddy.Blazor\XBuddy.Blazor.Client\XBuddy.Blazor.Client.csproj", "{0231F4FE-9084-4738-AB5D-4CA548E865DF}"
EndProject
Global
	GlobalSection(SolutionConfigurationPlatforms) = preSolution
		Debug|Any CPU = Debug|Any CPU
		Release|Any CPU = Release|Any CPU
	EndGlobalSection
	GlobalSection(ProjectConfigurationPlatforms) = postSolution
		{08BD0E3A-3C0A-4F84-920B-B92030F384E0}.Debug|Any CPU.ActiveCfg = Debug|Any CPU
		{08BD0E3A-3C0A-4F84-920B-B92030F384E0}.Debug|Any CPU.Build.0 = Debug|Any CPU
		{08BD0E3A-3C0A-4F84-920B-B92030F384E0}.Release|Any CPU.ActiveCfg = Release|Any CPU
		{08BD0E3A-3C0A-4F84-920B-B92030F384E0}.Release|Any CPU.Build.0 = Release|Any CPU
		{0231F4FE-9084-4738-AB5D-4CA548E865DF}.Debug|Any CPU.ActiveCfg = Debug|Any CPU
		{0231F4FE-9084-4738-AB5D-4CA548E865DF}.Debug|Any CPU.Build.0 = Debug|Any CPU
		{0231F4FE-9084-4738-AB5D-4CA548E865DF}.Release|Any CPU.ActiveCfg = Release|Any CPU
		{0231F4FE-9084-4738-AB5D-4CA548E865DF}.Release|Any CPU.Build.0 = Release|Any CPU
	EndGlobalSection
	GlobalSection(SolutionProperties) = preSolution
		HideSolutionNode = FALSE
	EndGlobalSection
	GlobalSection(ExtensibilityGlobals) = postSolution
		SolutionGuid = {E32BE05D-8792-4ABC-BD05-AE9E79CA375E}
	EndGlobalSection
EndGlobal
